
Microsoft Visual Studio Solution File, Format Version 12.00
# Visual Studio Version 16
VisualStudioVersion = 16.0.29409.12
MinimumVisualStudioVersion = 10.0.40219.1
Project("{9A19103F-16F7-4668-BE54-9A1E7A4F7556}") = "OpenNyoki", "OpenNyoki\OpenNyoki.csproj", "{D21AC259-9268-42C8-A2EF-49BBC4C85384}"
EndProject
Project("{FAE04EC0-301F-11D3-BF4B-00C04F79EFBC}") = "OpenNyoki.Test", "OpenNyoki.Test\OpenNyoki.Test.csproj", "{51EC4931-3B8E-4F56-BE39-27A549E9621A}"
EndProject
Global
	GlobalSection(SolutionConfigurationPlatforms) = preSolution
		Debug|Any CPU = Debug|Any CPU
		Release|Any CPU = Release|Any CPU
	EndGlobalSection
	GlobalSection(ProjectConfigurationPlatforms) = postSolution
		{D21AC259-9268-42C8-A2EF-49BBC4C85384}.Debug|Any CPU.ActiveCfg = Debug|Any CPU
		{D21AC259-9268-42C8-A2EF-49BBC4C85384}.Debug|Any CPU.Build.0 = Debug|Any CPU
		{D21AC259-9268-42C8-A2EF-49BBC4C85384}.Release|Any CPU.ActiveCfg = Release|Any CPU
		{D21AC259-9268-42C8-A2EF-49BBC4C85384}.Release|Any CPU.Build.0 = Release|Any CPU
		{51EC4931-3B8E-4F56-BE39-27A549E9621A}.Debug|Any CPU.ActiveCfg = Debug|Any CPU
		{51EC4931-3B8E-4F56-BE39-27A549E9621A}.Debug|Any CPU.Build.0 = Debug|Any CPU
		{51EC4931-3B8E-4F56-BE39-27A549E9621A}.Release|Any CPU.ActiveCfg = Release|Any CPU
		{51EC4931-3B8E-4F56-BE39-27A549E9621A}.Release|Any CPU.Build.0 = Release|Any CPU
	EndGlobalSection
	GlobalSection(SolutionProperties) = preSolution
		HideSolutionNode = FALSE
	EndGlobalSection
	GlobalSection(ExtensibilityGlobals) = postSolution
		SolutionGuid = {23DA1C27-F70A-4EA2-980F-B24580B6DDA1}
	EndGlobalSection
EndGlobal
